
Microsoft Visual Studio Solution File, Format Version 12.00
# Visual Studio Version 17
VisualStudioVersion = 17.2.32602.215
MinimumVisualStudioVersion = 10.0.40219.1
Project("{FAE04EC0-301F-11D3-BF4B-00C04F79EFBC}") = "GuiApp", "GuiApp\GuiApp.csproj", "{40CFC276-00E2-481B-9522-50F1A84072DA}"
EndProject
Project("{2150E333-8FDC-42A3-9474-1A3956D46DE8}") = "Solution Items", "Solution Items", "{684BFC26-60E3-4365-B9E2-56EA14EBBAB3}"
	ProjectSection(SolutionItems) = preProject
		README.md = README.md
	EndProjectSection
EndProject
Global
	GlobalSection(SolutionConfigurationPlatforms) = preSolution
		Debug|Any CPU = Debug|Any CPU
		Release|Any CPU = Release|Any CPU
	EndGlobalSection
	GlobalSection(ProjectConfigurationPlatforms) = postSolution
		{40CFC276-00E2-481B-9522-50F1A84072DA}.Debug|Any CPU.ActiveCfg = Debug|Any CPU
		{40CFC276-00E2-481B-9522-50F1A84072DA}.Debug|Any CPU.Build.0 = Debug|Any CPU
		{40CFC276-00E2-481B-9522-50F1A84072DA}.Release|Any CPU.ActiveCfg = Release|Any CPU
		{40CFC276-00E2-481B-9522-50F1A84072DA}.Release|Any CPU.Build.0 = Release|Any CPU
	EndGlobalSection
	GlobalSection(SolutionProperties) = preSolution
		HideSolutionNode = FALSE
	EndGlobalSection
	GlobalSection(ExtensibilityGlobals) = postSolution
		SolutionGuid = {22A5F60D-F9BB-4182-98C2-ACAFEC17FB90}
	EndGlobalSection
EndGlobal
